
Microsoft Visual Studio Solution File, Format Version 12.00
# Visual Studio 2015
Project("{FAE04EC0-301F-11D3-BF4B-00C04F79EFBC}") = "Weekend-Crazy-Jam", "Weekend-Crazy-Jam.csproj", "{C57DCD7D-527D-F111-4A55-417619D38E6B}"
EndProject
Global
	GlobalSection(SolutionConfigurationPlatforms) = preSolution
		Debug|Any CPU = Debug|Any CPU
		Release|Any CPU = Release|Any CPU
	EndGlobalSection
	GlobalSection(ProjectConfigurationPlatforms) = postSolution
		{C57DCD7D-527D-F111-4A55-417619D38E6B}.Debug|Any CPU.ActiveCfg = Debug|Any CPU
		{C57DCD7D-527D-F111-4A55-417619D38E6B}.Debug|Any CPU.Build.0 = Debug|Any CPU
		{C57DCD7D-527D-F111-4A55-417619D38E6B}.Release|Any CPU.ActiveCfg = Release|Any CPU
		{C57DCD7D-527D-F111-4A55-417619D38E6B}.Release|Any CPU.Build.0 = Release|Any CPU
	EndGlobalSection
	GlobalSection(SolutionProperties) = preSolution
		HideSolutionNode = FALSE
	EndGlobalSection
EndGlobal
